// !$*UTF8*$!
{
	archiveVersion = 1;
	classes = {
	};
	objectVersion = 46;
	objects = {

/* Begin PBXBuildFile section */
		7D28931B1E57816000A631B1 /* AppDelegate.swift in Sources */ = {isa = PBXBuildFile; fileRef = 7D28931A1E57816000A631B1 /* AppDelegate.swift */; };
		7D28931D1E57816000A631B1 /* ViewController.swift in Sources */ = {isa = PBXBuildFile; fileRef = 7D28931C1E57816000A631B1 /* ViewController.swift */; };
		7D2893201E57816000A631B1 /* Main.storyboard in Resources */ = {isa = PBXBuildFile; fileRef = 7D28931E1E57816000A631B1 /* Main.storyboard */; };
		7D2893221E57816000A631B1 /* Assets.xcassets in Resources */ = {isa = PBXBuildFile; fileRef = 7D2893211E57816000A631B1 /* Assets.xcassets */; };
		7D2893251E57816000A631B1 /* LaunchScreen.storyboard in Resources */ = {isa = PBXBuildFile; fileRef = 7D2893231E57816000A631B1 /* LaunchScreen.storyboard */; };
		7D2893301E57816000A631B1 /* CalculatorTests.swift in Sources */ = {isa = PBXBuildFile; fileRef = 7D28932F1E57816000A631B1 /* CalculatorTests.swift */; };
		7D28933B1E57816000A631B1 /* CalculatorUITests.swift in Sources */ = {isa = PBXBuildFile; fileRef = 7D28933A1E57816000A631B1 /* CalculatorUITests.swift */; };
/* End PBXBuildFile section */

/* Begin PBXContainerItemProxy section */
		7D28932C1E57816000A631B1 /* PBXContainerItemProxy */ = {
			isa = PBXContainerItemProxy;
			containerPortal = 7D28930F1E57816000A631B1 /* Project object */;
			proxyType = 1;
			remoteGlobalIDString = 7D2893161E57816000A631B1;
			remoteInfo = Calculator;
		};
		7D2893371E57816000A631B1 /* PBXContainerItemProxy */ = {
			isa = PBXContainerItemProxy;
			containerPortal = 7D28930F1E57816000A631B1 /* Project object */;
			proxyType = 1;
			remoteGlobalIDString = 7D2893161E57816000A631B1;
			remoteInfo = Calculator;
		};
/* End PBXContainerItemProxy section */

/* Begin PBXFileReference section */
		7D2893171E57816000A631B1 /* Calculator.app */ = {isa = PBXFileReference; explicitFileType = wrapper.application; includeInIndex = 0; path = Calculator.app; sourceTree = BUILT_PRODUCTS_DIR; };
		7D28931A1E57816000A631B1 /* AppDelegate.swift */ = {isa = PBXFileReference; lastKnownFileType = sourcecode.swift; path = AppDelegate.swift; sourceTree = "<group>"; };
		7D28931C1E57816000A631B1 /* ViewController.swift */ = {isa = PBXFileReference; lastKnownFileType = sourcecode.swift; path = ViewController.swift; sourceTree = "<group>"; };
		7D28931F1E57816000A631B1 /* Base */ = {isa = PBXFileReference; lastKnownFileType = file.storyboard; name = Base; path = Base.lproj/Main.storyboard; sourceTree = "<group>"; };
		7D2893211E57816000A631B1 /* Assets.xcassets */ = {isa = PBXFileReference; lastKnownFileType = folder.assetcatalog; path = Assets.xcassets; sourceTree = "<group>"; };
		7D2893241E57816000A631B1 /* Base */ = {isa = PBXFileReference; lastKnownFileType = file.storyboard; name = Base; path = Base.lproj/LaunchScreen.storyboard; sourceTree = "<group>"; };
		7D2893261E57816000A631B1 /* Info.plist */ = {isa = PBXFileReference; lastKnownFileType = text.plist.xml; path = Info.plist; sourceTree = "<group>"; };
		7D28932B1E57816000A631B1 /* CalculatorTests.xctest */ = {isa = PBXFileReference; explicitFileType = wrapper.cfbundle; includeInIndex = 0; path = CalculatorTests.xctest; sourceTree = BUILT_PRODUCTS_DIR; };
		7D28932F1E57816000A631B1 /* CalculatorTests.swift */ = {isa = PBXFileReference; lastKnownFileType = sourcecode.swift; path = CalculatorTests.swift; sourceTree = "<group>"; };
		7D2893311E57816000A631B1 /* Info.plist */ = {isa = PBXFileReference; lastKnownFileType = text.plist.xml; path = Info.plist; sourceTree = "<group>"; };
		7D2893361E57816000A631B1 /* CalculatorUITests.xctest */ = {isa = PBXFileReference; explicitFileType = wrapper.cfbundle; includeInIndex = 0; path = CalculatorUITests.xctest; sourceTree = BUILT_PRODUCTS_DIR; };
		7D28933A1E57816000A631B1 /* CalculatorUITests.swift */ = {isa = PBXFileReference; lastKnownFileType = sourcecode.swift; path = CalculatorUITests.swift; sourceTree = "<group>"; };
		7D28933C1E57816000A631B1 /* Info.plist */ = {isa = PBXFileReference; lastKnownFileType = text.plist.xml; path = Info.plist; sourceTree = "<group>"; };
/* End PBXFileReference section */

/* Begin PBXFrameworksBuildPhase section */
		7D2893141E57816000A631B1 /* Frameworks */ = {
			isa = PBXFrameworksBuildPhase;
			buildActionMask = 2147483647;
			files = (
			);
			runOnlyForDeploymentPostprocessing = 0;
		};
		7D2893281E57816000A631B1 /* Frameworks */ = {
			isa = PBXFrameworksBuildPhase;
			buildActionMask = 2147483647;
			files = (
			);
			runOnlyForDeploymentPostprocessing = 0;
		};
		7D2893331E57816000A631B1 /* Frameworks */ = {
			isa = PBXFrameworksBuildPhase;
			buildActionMask = 2147483647;
			files = (
			);
			runOnlyForDeploymentPostprocessing = 0;
		};
/* End PBXFrameworksBuildPhase section */

/* Begin PBXGroup section */
		7D28930E1E57816000A631B1 = {
			isa = PBXGroup;
			children = (
				7D2893191E57816000A631B1 /* Calculator */,
				7D28932E1E57816000A631B1 /* CalculatorTests */,
				7D2893391E57816000A631B1 /* CalculatorUITests */,
				7D2893181E57816000A631B1 /* Products */,
			);
			sourceTree = "<group>";
		};
		7D2893181E57816000A631B1 /* Products */ = {
			isa = PBXGroup;
			children = (
				7D2893171E57816000A631B1 /* Calculator.app */,
				7D28932B1E57816000A631B1 /* CalculatorTests.xctest */,
				7D2893361E57816000A631B1 /* CalculatorUITests.xctest */,
			);
			name = Products;
			sourceTree = "<group>";
		};
		7D2893191E57816000A631B1 /* Calculator */ = {
			isa = PBXGroup;
			children = (
				7D28931A1E57816000A631B1 /* AppDelegate.swift */,
				7D28931C1E57816000A631B1 /* ViewController.swift */,
				7D28931E1E57816000A631B1 /* Main.storyboard */,
				7D2893211E57816000A631B1 /* Assets.xcassets */,
				7D2893231E57816000A631B1 /* LaunchScreen.storyboard */,
				7D2893261E57816000A631B1 /* Info.plist */,
			);
			path = Calculator;
			sourceTree = "<group>";
		};
		7D28932E1E57816000A631B1 /* CalculatorTests */ = {
			isa = PBXGroup;
			children = (
				7D28932F1E57816000A631B1 /* CalculatorTests.swift */,
				7D2893311E57816000A631B1 /* Info.plist */,
			);
			path = CalculatorTests;
			sourceTree = "<group>";
		};
		7D2893391E57816000A631B1 /* CalculatorUITests */ = {
			isa = PBXGroup;
			children = (
				7D28933A1E57816000A631B1 /* CalculatorUITests.swift */,
				7D28933C1E57816000A631B1 /* Info.plist */,
			);
			path = CalculatorUITests;
			sourceTree = "<group>";
		};
/* End PBXGroup section */

/* Begin PBXNativeTarget section */
		7D2893161E57816000A631B1 /* Calculator */ = {
			isa = PBXNativeTarget;
			buildConfigurationList = 7D28933F1E57816000A631B1 /* Build configuration list for PBXNativeTarget "Calculator" */;
			buildPhases = (
				7D2893131E57816000A631B1 /* Sources */,
				7D2893141E57816000A631B1 /* Frameworks */,
				7D2893151E57816000A631B1 /* Resources */,
			);
			buildRules = (
			);
			dependencies = (
			);
			name = Calculator;
			productName = Calculator;
			productReference = 7D2893171E57816000A631B1 /* Calculator.app */;
			productType = "com.apple.product-type.application";
		};
		7D28932A1E57816000A631B1 /* CalculatorTests */ = {
			isa = PBXNativeTarget;
			buildConfigurationList = 7D2893421E57816000A631B1 /* Build configuration list for PBXNativeTarget "CalculatorTests" */;
			buildPhases = (
				7D2893271E57816000A631B1 /* Sources */,
				7D2893281E57816000A631B1 /* Frameworks */,
				7D2893291E57816000A631B1 /* Resources */,
			);
			buildRules = (
			);
			dependencies = (
				7D28932D1E57816000A631B1 /* PBXTargetDependency */,
			);
			name = CalculatorTests;
			productName = CalculatorTests;
			productReference = 7D28932B1E57816000A631B1 /* CalculatorTests.xctest */;
			productType = "com.apple.product-type.bundle.unit-test";
		};
		7D2893351E57816000A631B1 /* CalculatorUITests */ = {
			isa = PBXNativeTarget;
			buildConfigurationList = 7D2893451E57816000A631B1 /* Build configuration list for PBXNativeTarget "CalculatorUITests" */;
			buildPhases = (
				7D2893321E57816000A631B1 /* Sources */,
				7D2893331E57816000A631B1 /* Frameworks */,
				7D2893341E57816000A631B1 /* Resources */,
			);
			buildRules = (
			);
			dependencies = (
				7D2893381E57816000A631B1 /* PBXTargetDependency */,
			);
			name = CalculatorUITests;
			productName = CalculatorUITests;
			productReference = 7D2893361E57816000A631B1 /* CalculatorUITests.xctest */;
			productType = "com.apple.product-type.bundle.ui-testing";
		};
/* End PBXNativeTarget section */

/* Begin PBXProject section */
		7D28930F1E57816000A631B1 /* Project object */ = {
			isa = PBXProject;
			attributes = {
				LastSwiftUpdateCheck = 0830;
				LastUpgradeCheck = 0830;
				ORGANIZATIONNAME = CS408;
				TargetAttributes = {
					7D2893161E57816000A631B1 = {
						CreatedOnToolsVersion = 8.3;
						ProvisioningStyle = Automatic;
					};
					7D28932A1E57816000A631B1 = {
						CreatedOnToolsVersion = 8.3;
						ProvisioningStyle = Automatic;
						TestTargetID = 7D2893161E57816000A631B1;
					};
					7D2893351E57816000A631B1 = {
						CreatedOnToolsVersion = 8.3;
						ProvisioningStyle = Automatic;
						TestTargetID = 7D2893161E57816000A631B1;
					};
				};
			};
			buildConfigurationList = 7D2893121E57816000A631B1 /* Build configuration list for PBXProject "Calculator" */;
			compatibilityVersion = "Xcode 3.2";
			developmentRegion = English;
			hasScannedForEncodings = 0;
			knownRegions = (
				en,
				Base,
			);
			mainGroup = 7D28930E1E57816000A631B1;
			productRefGroup = 7D2893181E57816000A631B1 /* Products */;
			projectDirPath = "";
			projectRoot = "";
			targets = (
				7D2893161E57816000A631B1 /* Calculator */,
				7D28932A1E57816000A631B1 /* CalculatorTests */,
				7D2893351E57816000A631B1 /* CalculatorUITests */,
			);
		};
/* End PBXProject section */

/* Begin PBXResourcesBuildPhase section */
		7D2893151E57816000A631B1 /* Resources */ = {
			isa = PBXResourcesBuildPhase;
			buildActionMask = 2147483647;
			files = (
				7D2893251E57816000A631B1 /* LaunchScreen.storyboard in Resources */,
				7D2893221E57816000A631B1 /* Assets.xcassets in Resources */,
				7D2893201E57816000A631B1 /* Main.storyboard in Resources */,
			);
			runOnlyForDeploymentPostprocessing = 0;
		};
		7D2893291E57816000A631B1 /* Resources */ = {
			isa = PBXResourcesBuildPhase;
			buildActionMask = 2147483647;
			files = (
			);
			runOnlyForDeploymentPostprocessing = 0;
		};
		7D2893341E57816000A631B1 /* Resources */ = {
			isa = PBXResourcesBuildPhase;
			buildActionMask = 2147483647;
			files = (
			);
			runOnlyForDeploymentPostprocessing = 0;
		};
/* End PBXResourcesBuildPhase section */

/* Begin PBXSourcesBuildPhase section */
		7D2893131E57816000A631B1 /* Sources */ = {
			isa = PBXSourcesBuildPhase;
			buildActionMask = 2147483647;
			files = (
				7D28931D1E57816000A631B1 /* ViewController.swift in Sources */,
				7D28931B1E57816000A631B1 /* AppDelegate.swift in Sources */,
			);
			runOnlyForDeploymentPostprocessing = 0;
		};
		7D2893271E57816000A631B1 /* Sources */ = {
			isa = PBXSourcesBuildPhase;
			buildActionMask = 2147483647;
			files = (
				7D2893301E57816000A631B1 /* CalculatorTests.swift in Sources */,
			);
			runOnlyForDeploymentPostprocessing = 0;
		};
		7D2893321E57816000A631B1 /* Sources */ = {
			isa = PBXSourcesBuildPhase;
			buildActionMask = 2147483647;
			files = (
				7D28933B1E57816000A631B1 /* CalculatorUITests.swift in Sources */,
			);
			runOnlyForDeploymentPostprocessing = 0;
		};
/* End PBXSourcesBuildPhase section */

/* Begin PBXTargetDependency section */
		7D28932D1E57816000A631B1 /* PBXTargetDependency */ = {
			isa = PBXTargetDependency;
			target = 7D2893161E57816000A631B1 /* Calculator */;
			targetProxy = 7D28932C1E57816000A631B1 /* PBXContainerItemProxy */;
		};
		7D2893381E57816000A631B1 /* PBXTargetDependency */ = {
			isa = PBXTargetDependency;
			target = 7D2893161E57816000A631B1 /* Calculator */;
			targetProxy = 7D2893371E57816000A631B1 /* PBXContainerItemProxy */;
		};
/* End PBXTargetDependency section */

/* Begin PBXVariantGroup section */
		7D28931E1E57816000A631B1 /* Main.storyboard */ = {
			isa = PBXVariantGroup;
			children = (
				7D28931F1E57816000A631B1 /* Base */,
			);
			name = Main.storyboard;
			sourceTree = "<group>";
		};
		7D2893231E57816000A631B1 /* LaunchScreen.storyboard */ = {
			isa = PBXVariantGroup;
			children = (
				7D2893241E57816000A631B1 /* Base */,
			);
			name = LaunchScreen.storyboard;
			sourceTree = "<group>";
		};
/* End PBXVariantGroup section */

/* Begin XCBuildConfiguration section */
		7D28933D1E57816000A631B1 /* Debug */ = {
			isa = XCBuildConfiguration;
			buildSettings = {
				ALWAYS_SEARCH_USER_PATHS = NO;
				CLANG_ANALYZER_NONNULL = YES;
				CLANG_ANALYZER_NUMBER_OBJECT_CONVERSION = YES_AGGRESSIVE;
				CLANG_CXX_LANGUAGE_STANDARD = "gnu++0x";
				CLANG_CXX_LIBRARY = "libc++";
				CLANG_ENABLE_MODULES = YES;
				CLANG_ENABLE_OBJC_ARC = YES;
				CLANG_WARN_BOOL_CONVERSION = YES;
				CLANG_WARN_CONSTANT_CONVERSION = YES;
				CLANG_WARN_DIRECT_OBJC_ISA_USAGE = YES_ERROR;
				CLANG_WARN_DOCUMENTATION_COMMENTS = YES;
				CLANG_WARN_EMPTY_BODY = YES;
				CLANG_WARN_ENUM_CONVERSION = YES;
				CLANG_WARN_INFINITE_RECURSION = YES;
				CLANG_WARN_INT_CONVERSION = YES;
				CLANG_WARN_OBJC_ROOT_CLASS = YES_ERROR;
				CLANG_WARN_SUSPICIOUS_MOVE = YES;
				CLANG_WARN_UNREACHABLE_CODE = YES;
				CLANG_WARN__DUPLICATE_METHOD_MATCH = YES;
				"CODE_SIGN_IDENTITY[sdk=iphoneos*]" = "iPhone Developer";
				COPY_PHASE_STRIP = NO;
				DEBUG_INFORMATION_FORMAT = dwarf;
				ENABLE_STRICT_OBJC_MSGSEND = YES;
				ENABLE_TESTABILITY = YES;
				GCC_C_LANGUAGE_STANDARD = gnu99;
				GCC_DYNAMIC_NO_PIC = NO;
				GCC_NO_COMMON_BLOCKS = YES;
				GCC_OPTIMIZATION_LEVEL = 0;
				GCC_PREPROCESSOR_DEFINITIONS = (
					"DEBUG=1",
					"$(inherited)",
				);
				GCC_WARN_64_TO_32_BIT_CONVERSION = YES;
				GCC_WARN_ABOUT_RETURN_TYPE = YES_ERROR;
				GCC_WARN_UNDECLARED_SELECTOR = YES;
				GCC_WARN_UNINITIALIZED_AUTOS = YES_AGGRESSIVE;
				GCC_WARN_UNUSED_FUNCTION = YES;
				GCC_WARN_UNUSED_VARIABLE = YES;
				IPHONEOS_DEPLOYMENT_TARGET = 10.3;
				MTL_ENABLE_DEBUG_INFO = YES;
				ONLY_ACTIVE_ARCH = YES;
				SDKROOT = iphoneos;
				SWIFT_ACTIVE_COMPILATION_CONDITIONS = DEBUG;
				SWIFT_OPTIMIZATION_LEVEL = "-Onone";
			};
			name = Debug;
		};
		7D28933E1E57816000A631B1 /* Release */ = {
			isa = XCBuildConfiguration;
			buildSettings = {
				ALWAYS_SEARCH_USER_PATHS = NO;
				CLANG_ANALYZER_NONNULL = YES;
				CLANG_ANALYZER_NUMBER_OBJECT_CONVERSION = YES_AGGRESSIVE;
				CLANG_CXX_LANGUAGE_STANDARD = "gnu++0x";
				CLANG_CXX_LIBRARY = "libc++";
				CLANG_ENABLE_MODULES = YES;
				CLANG_ENABLE_OBJC_ARC = YES;
				CLANG_WARN_BOOL_CONVERSION = YES;
				CLANG_WARN_CONSTANT_CONVERSION = YES;
				CLANG_WARN_DIRECT_OBJC_ISA_USAGE = YES_ERROR;
				CLANG_WARN_DOCUMENTATION_COMMENTS = YES;
				CLANG_WARN_EMPTY_BODY = YES;
				CLANG_WARN_ENUM_CONVERSION = YES;
				CLANG_WARN_INFINITE_RECURSION = YES;
				CLANG_WARN_INT_CONVERSION = YES;
				CLANG_WARN_OBJC_ROOT_CLASS = YES_ERROR;
				CLANG_WARN_SUSPICIOUS_MOVE = YES;
				CLANG_WARN_UNREACHABLE_CODE = YES;
				CLANG_WARN__DUPLICATE_METHOD_MATCH = YES;
				"CODE_SIGN_IDENTITY[sdk=iphoneos*]" = "iPhone Developer";
				COPY_PHASE_STRIP = NO;
				DEBUG_INFORMATION_FORMAT = "dwarf-with-dsym";
				ENABLE_NS_ASSERTIONS = NO;
				ENABLE_STRICT_OBJC_MSGSEND = YES;
				GCC_C_LANGUAGE_STANDARD = gnu99;
				GCC_NO_COMMON_BLOCKS = YES;
				GCC_WARN_64_TO_32_BIT_CONVERSION = YES;
				GCC_WARN_ABOUT_RETURN_TYPE = YES_ERROR;
				GCC_WARN_UNDECLARED_SELECTOR = YES;
				GCC_WARN_UNINITIALIZED_AUTOS = YES_AGGRESSIVE;
				GCC_WARN_UNUSED_FUNCTION = YES;
				GCC_WARN_UNUSED_VARIABLE = YES;
				IPHONEOS_DEPLOYMENT_TARGET = 10.3;
				MTL_ENABLE_DEBUG_INFO = NO;
				SDKROOT = iphoneos;
				SWIFT_OPTIMIZATION_LEVEL = "-Owholemodule";
				VALIDATE_PRODUCT = YES;
			};
			name = Release;
		};
		7D2893401E57816000A631B1 /* Debug */ = {
			isa = XCBuildConfiguration;
			buildSettings = {
				ASSETCATALOG_COMPILER_APPICON_NAME = AppIcon;
				INFOPLIST_FILE = Calculator/Info.plist;
				LD_RUNPATH_SEARCH_PATHS = "$(inherited) @executable_path/Frameworks";
				PRODUCT_BUNDLE_IDENTIFIER = edu.cpp.cs408.Calculator;
				PRODUCT_NAME = "$(TARGET_NAME)";
				SWIFT_VERSION = 3.0;
			};
			name = Debug;
		};
		7D2893411E57816000A631B1 /* Release */ = {
			isa = XCBuildConfiguration;
			buildSettings = {
				ASSETCATALOG_COMPILER_APPICON_NAME = AppIcon;
				INFOPLIST_FILE = Calculator/Info.plist;
				LD_RUNPATH_SEARCH_PATHS = "$(inherited) @executable_path/Frameworks";
				PRODUCT_BUNDLE_IDENTIFIER = edu.cpp.cs408.Calculator;
				PRODUCT_NAME = "$(TARGET_NAME)";
				SWIFT_VERSION = 3.0;
			};
			name = Release;
		};
		7D2893431E57816000A631B1 /* Debug */ = {
			isa = XCBuildConfiguration;
			buildSettings = {
				ALWAYS_EMBED_SWIFT_STANDARD_LIBRARIES = YES;
				BUNDLE_LOADER = "$(TEST_HOST)";
				INFOPLIST_FILE = CalculatorTests/Info.plist;
				LD_RUNPATH_SEARCH_PATHS = "$(inherited) @executable_path/Frameworks @loader_path/Frameworks";
				PRODUCT_BUNDLE_IDENTIFIER = edu.cpp.cs408.CalculatorTests;
				PRODUCT_NAME = "$(TARGET_NAME)";
				SWIFT_VERSION = 3.0;
				TEST_HOST = "$(BUILT_PRODUCTS_DIR)/Calculator.app/Calculator";
			};
			name = Debug;
		};
		7D2893441E57816000A631B1 /* Release */ = {
			isa = XCBuildConfiguration;
			buildSettings = {
				ALWAYS_EMBED_SWIFT_STANDARD_LIBRARIES = YES;
				BUNDLE_LOADER = "$(TEST_HOST)";
				INFOPLIST_FILE = CalculatorTests/Info.plist;
				LD_RUNPATH_SEARCH_PATHS = "$(inherited) @executable_path/Frameworks @loader_path/Frameworks";
				PRODUCT_BUNDLE_IDENTIFIER = edu.cpp.cs408.CalculatorTests;
				PRODUCT_NAME = "$(TARGET_NAME)";
				SWIFT_VERSION = 3.0;
				TEST_HOST = "$(BUILT_PRODUCTS_DIR)/Calculator.app/Calculator";
			};
			name = Release;
		};
		7D2893461E57816000A631B1 /* Debug */ = {
			isa = XCBuildConfiguration;
			buildSettings = {
				ALWAYS_EMBED_SWIFT_STANDARD_LIBRARIES = YES;
				INFOPLIST_FILE = CalculatorUITests/Info.plist;
				LD_RUNPATH_SEARCH_PATHS = "$(inherited) @executable_path/Frameworks @loader_path/Frameworks";
				PRODUCT_BUNDLE_IDENTIFIER = edu.cpp.cs408.CalculatorUITests;
				PRODUCT_NAME = "$(TARGET_NAME)";
				SWIFT_VERSION = 3.0;
				TEST_TARGET_NAME = Calculator;
			};
			name = Debug;
		};
		7D2893471E57816000A631B1 /* Release */ = {
			isa = XCBuildConfiguration;
			buildSettings = {
				ALWAYS_EMBED_SWIFT_STANDARD_LIBRARIES = YES;
				INFOPLIST_FILE = CalculatorUITests/Info.plist;
				LD_RUNPATH_SEARCH_PATHS = "$(inherited) @executable_path/Frameworks @loader_path/Frameworks";
				PRODUCT_BUNDLE_IDENTIFIER = edu.cpp.cs408.CalculatorUITests;
				PRODUCT_NAME = "$(TARGET_NAME)";
				SWIFT_VERSION = 3.0;
				TEST_TARGET_NAME = Calculator;
			};
			name = Release;
		};
/* End XCBuildConfiguration section */

/* Begin XCConfigurationList section */
		7D2893121E57816000A631B1 /* Build configuration list for PBXProject "Calculator" */ = {
			isa = XCConfigurationList;
			buildConfigurations = (
				7D28933D1E57816000A631B1 /* Debug */,
				7D28933E1E57816000A631B1 /* Release */,
			);
			defaultConfigurationIsVisible = 0;
			defaultConfigurationName = Release;
		};
		7D28933F1E57816000A631B1 /* Build configuration list for PBXNativeTarget "Calculator" */ = {
			isa = XCConfigurationList;
			buildConfigurations = (
				7D2893401E57816000A631B1 /* Debug */,
				7D2893411E57816000A631B1 /* Release */,
			);
			defaultConfigurationIsVisible = 0;
		};
		7D2893421E57816000A631B1 /* Build configuration list for PBXNativeTarget "CalculatorTests" */ = {
			isa = XCConfigurationList;
			buildConfigurations = (
				7D2893431E57816000A631B1 /* Debug */,
				7D2893441E57816000A631B1 /* Release */,
			);
			defaultConfigurationIsVisible = 0;
		};
		7D2893451E57816000A631B1 /* Build configuration list for PBXNativeTarget "CalculatorUITests" */ = {
			isa = XCConfigurationList;
			buildConfigurations = (
				7D2893461E57816000A631B1 /* Debug */,
				7D2893471E57816000A631B1 /* Release */,
			);
			defaultConfigurationIsVisible = 0;
		};
/* End XCConfigurationList section */
	};
	rootObject = 7D28930F1E57816000A631B1 /* Project object */;
}
